
Microsoft Visual Studio Solution File, Format Version 12.00
# Visual Studio 15
VisualStudioVersion = 15.0.36617.4
MinimumVisualStudioVersion = 10.0.40219.1
Project("{FAE04EC0-301F-11D3-BF4B-00C04F79EFBC}") = "CourseTask", "CourseTask\CourseTask.csproj", "{A4BF9A7C-5EEC-4A53-B53A-5CAFFDD4330F}"
EndProject
Global
	GlobalSection(SolutionConfigurationPlatforms) = preSolution
		Debug|Any CPU = Debug|Any CPU
		Release|Any CPU = Release|Any CPU
	EndGlobalSection
	GlobalSection(ProjectConfigurationPlatforms) = postSolution
		{A4BF9A7C-5EEC-4A53-B53A-5CAFFDD4330F}.Debug|Any CPU.ActiveCfg = Debug|Any CPU
		{A4BF9A7C-5EEC-4A53-B53A-5CAFFDD4330F}.Debug|Any CPU.Build.0 = Debug|Any CPU
		{A4BF9A7C-5EEC-4A53-B53A-5CAFFDD4330F}.Release|Any CPU.ActiveCfg = Release|Any CPU
		{A4BF9A7C-5EEC-4A53-B53A-5CAFFDD4330F}.Release|Any CPU.Build.0 = Release|Any CPU
	EndGlobalSection
	GlobalSection(SolutionProperties) = preSolution
		HideSolutionNode = FALSE
	EndGlobalSection
	GlobalSection(ExtensibilityGlobals) = postSolution
		SolutionGuid = {A897F7C8-640F-4177-A086-FC9CE2B749D5}
	EndGlobalSection
EndGlobal
